PODS:
  - Realm (10.19.0):
    - Realm/Headers (= 10.19.0)
  - Realm/Headers (10.19.0)
  - RealmSwift (10.19.0):
    - Realm (= 10.19.0)
  - SnapKit (4.2.0)
  - SwiftGen (6.5.1)
  - SwiftLint (0.45.0)

DEPENDENCIES:
  - RealmSwift (~> 10)
  - SnapKit
  - SwiftGen (~> 6.1)
  - SwiftLint (~> 0.45)

SPEC REPOS:
  trunk:
    - Realm
    - RealmSwift
    - SnapKit
    - SwiftGen
    - SwiftLint

SPEC CHECKSUMS:
  Realm: 869ab2a7e3bdfa6bf06d8723251539f504e6f602
  RealmSwift: f1f51c4a02fe826e5cea623b5441992f06bdc942
  SnapKit: fe8a619752f3f27075cc9a90244d75c6c3f27e2a
  SwiftGen: a6d22010845f08fe18fbdf3a07a8e380fd22e0ea
  SwiftLint: e5c7f1fba68eccfc51509d5b2ce1699f5502e0c7

PODFILE CHECKSUM: 737fde9f76f864ba824b15dc070be5e9aedefa9a

COCOAPODS: 1.11.2
