// !$*UTF8*$!
{
	archiveVersion = 1;
	classes = {
	};
	objectVersion = 55;
	objects = {

/* Begin PBXBuildFile section */
		6C05E462273A8CCF0040BB0B /* Network.swift in Sources */ = {isa = PBXBuildFile; fileRef = 6C05E461273A8CCF0040BB0B /* Network.swift */; };
		6C05E464273A8F260040BB0B /* AnswerManager.swift in Sources */ = {isa = PBXBuildFile; fileRef = 6C05E463273A8F260040BB0B /* AnswerManager.swift */; };
		6C05E466273A8F8A0040BB0B /* DBService.swift in Sources */ = {isa = PBXBuildFile; fileRef = 6C05E465273A8F8A0040BB0B /* DBService.swift */; };
		6C0BD7E7271F26F900D2F586 /* SettingsVC.swift in Sources */ = {isa = PBXBuildFile; fileRef = 6C0BD7E6271F26F900D2F586 /* SettingsVC.swift */; };
		6C9A9E13271DCF85007E5DAA /* AppDelegate.swift in Sources */ = {isa = PBXBuildFile; fileRef = 6C9A9E12271DCF85007E5DAA /* AppDelegate.swift */; };
		6C9A9E15271DCF85007E5DAA /* SceneDelegate.swift in Sources */ = {isa = PBXBuildFile; fileRef = 6C9A9E14271DCF85007E5DAA /* SceneDelegate.swift */; };
		6C9A9E17271DCF85007E5DAA /* MainViewController.swift in Sources */ = {isa = PBXBuildFile; fileRef = 6C9A9E16271DCF85007E5DAA /* MainViewController.swift */; };
		6C9A9E1A271DCF85007E5DAA /* Main.storyboard in Resources */ = {isa = PBXBuildFile; fileRef = 6C9A9E18271DCF85007E5DAA /* Main.storyboard */; };
		6C9A9E1C271DCF86007E5DAA /* Assets.xcassets in Resources */ = {isa = PBXBuildFile; fileRef = 6C9A9E1B271DCF86007E5DAA /* Assets.xcassets */; };
		6C9A9E1F271DCF86007E5DAA /* LaunchScreen.storyboard in Resources */ = {isa = PBXBuildFile; fileRef = 6C9A9E1D271DCF86007E5DAA /* LaunchScreen.storyboard */; };
		DE2471BD6846A82D58211722 /* Pods_8_Ball.framework in Frameworks */ = {isa = PBXBuildFile; fileRef = 55A85663D0016124E663C397 /* Pods_8_Ball.framework */; };
/* End PBXBuildFile section */

/* Begin PBXFileReference section */
		55A85663D0016124E663C397 /* Pods_8_Ball.framework */ = {isa = PBXFileReference; explicitFileType = wrapper.framework; includeInIndex = 0; path = Pods_8_Ball.framework; sourceTree = BUILT_PRODUCTS_DIR; };
		6C05E461273A8CCF0040BB0B /* Network.swift */ = {isa = PBXFileReference; lastKnownFileType = sourcecode.swift; path = Network.swift; sourceTree = "<group>"; };
		6C05E463273A8F260040BB0B /* AnswerManager.swift */ = {isa = PBXFileReference; lastKnownFileType = sourcecode.swift; path = AnswerManager.swift; sourceTree = "<group>"; };
		6C05E465273A8F8A0040BB0B /* DBService.swift */ = {isa = PBXFileReference; lastKnownFileType = sourcecode.swift; path = DBService.swift; sourceTree = "<group>"; };
		6C0BD7E6271F26F900D2F586 /* SettingsVC.swift */ = {isa = PBXFileReference; lastKnownFileType = sourcecode.swift; path = SettingsVC.swift; sourceTree = "<group>"; };
		6C9A9E0F271DCF85007E5DAA /* 8-Ball.app */ = {isa = PBXFileReference; explicitFileType = wrapper.application; includeInIndex = 0; path = "8-Ball.app"; sourceTree = BUILT_PRODUCTS_DIR; };
		6C9A9E12271DCF85007E5DAA /* AppDelegate.swift */ = {isa = PBXFileReference; lastKnownFileType = sourcecode.swift; path = AppDelegate.swift; sourceTree = "<group>"; };
		6C9A9E14271DCF85007E5DAA /* SceneDelegate.swift */ = {isa = PBXFileReference; lastKnownFileType = sourcecode.swift; path = SceneDelegate.swift; sourceTree = "<group>"; };
		6C9A9E16271DCF85007E5DAA /* MainViewController.swift */ = {isa = PBXFileReference; lastKnownFileType = sourcecode.swift; path = MainViewController.swift; sourceTree = "<group>"; };
		6C9A9E19271DCF85007E5DAA /* Base */ = {isa = PBXFileReference; lastKnownFileType = file.storyboard; name = Base; path = Base.lproj/Main.storyboard; sourceTree = "<group>"; };
		6C9A9E1B271DCF86007E5DAA /* Assets.xcassets */ = {isa = PBXFileReference; lastKnownFileType = folder.assetcatalog; path = Assets.xcassets; sourceTree = "<group>"; };
		6C9A9E1E271DCF86007E5DAA /* Base */ = {isa = PBXFileReference; lastKnownFileType = file.storyboard; name = Base; path = Base.lproj/LaunchScreen.storyboard; sourceTree = "<group>"; };
		6C9A9E20271DCF86007E5DAA /* Info.plist */ = {isa = PBXFileReference; lastKnownFileType = text.plist.xml; path = Info.plist; sourceTree = "<group>"; };
		89556B090E183641B244F4D2 /* Pods-8-Ball.debug.xcconfig */ = {isa = PBXFileReference; includeInIndex = 1; lastKnownFileType = text.xcconfig; name = "Pods-8-Ball.debug.xcconfig"; path = "Target Support Files/Pods-8-Ball/Pods-8-Ball.debug.xcconfig"; sourceTree = "<group>"; };
		CA467A18D630894B4FBCAE3B /* Pods-8-Ball.release.xcconfig */ = {isa = PBXFileReference; includeInIndex = 1; lastKnownFileType = text.xcconfig; name = "Pods-8-Ball.release.xcconfig"; path = "Target Support Files/Pods-8-Ball/Pods-8-Ball.release.xcconfig"; sourceTree = "<group>"; };
/* End PBXFileReference section */

/* Begin PBXFrameworksBuildPhase section */
		6C9A9E0C271DCF85007E5DAA /* Frameworks */ = {
			isa = PBXFrameworksBuildPhase;
			buildActionMask = 2147483647;
			files = (
				DE2471BD6846A82D58211722 /* Pods_8_Ball.framework in Frameworks */,
			);
			runOnlyForDeploymentPostprocessing = 0;
		};
/* End PBXFrameworksBuildPhase section */

/* Begin PBXGroup section */
		6C9A9E06271DCF85007E5DAA = {
			isa = PBXGroup;
			children = (
				6C9A9E11271DCF85007E5DAA /* 8-Ball */,
				6C9A9E10271DCF85007E5DAA /* Products */,
				B0657BD30E9533EC5A1A0B62 /* Pods */,
				FB5FFDEEFBD74A80ADC05257 /* Frameworks */,
			);
			sourceTree = "<group>";
		};
		6C9A9E10271DCF85007E5DAA /* Products */ = {
			isa = PBXGroup;
			children = (
				6C9A9E0F271DCF85007E5DAA /* 8-Ball.app */,
			);
			name = Products;
			sourceTree = "<group>";
		};
		6C9A9E11271DCF85007E5DAA /* 8-Ball */ = {
			isa = PBXGroup;
			children = (
				6C9A9E12271DCF85007E5DAA /* AppDelegate.swift */,
				6C9A9E14271DCF85007E5DAA /* SceneDelegate.swift */,
				6C05E461273A8CCF0040BB0B /* Network.swift */,
				6C05E465273A8F8A0040BB0B /* DBService.swift */,
				6C05E463273A8F260040BB0B /* AnswerManager.swift */,
				6C9A9E16271DCF85007E5DAA /* MainViewController.swift */,
				6C0BD7E6271F26F900D2F586 /* SettingsVC.swift */,
				6C9A9E18271DCF85007E5DAA /* Main.storyboard */,
				6C9A9E1B271DCF86007E5DAA /* Assets.xcassets */,
				6C9A9E1D271DCF86007E5DAA /* LaunchScreen.storyboard */,
				6C9A9E20271DCF86007E5DAA /* Info.plist */,
			);
			path = "8-Ball";
			sourceTree = "<group>";
		};
		B0657BD30E9533EC5A1A0B62 /* Pods */ = {
			isa = PBXGroup;
			children = (
				89556B090E183641B244F4D2 /* Pods-8-Ball.debug.xcconfig */,
				CA467A18D630894B4FBCAE3B /* Pods-8-Ball.release.xcconfig */,
			);
			path = Pods;
			sourceTree = "<group>";
		};
		FB5FFDEEFBD74A80ADC05257 /* Frameworks */ = {
			isa = PBXGroup;
			children = (
				55A85663D0016124E663C397 /* Pods_8_Ball.framework */,
			);
			name = Frameworks;
			sourceTree = "<group>";
		};
/* End PBXGroup section */

/* Begin PBXNativeTarget section */
		6C9A9E0E271DCF85007E5DAA /* 8-Ball */ = {
			isa = PBXNativeTarget;
			buildConfigurationList = 6C9A9E23271DCF86007E5DAA /* Build configuration list for PBXNativeTarget "8-Ball" */;
			buildPhases = (
				798D5D0D2CF4727A88EA7A6F /* [CP] Check Pods Manifest.lock */,
				6C9A9E0B271DCF85007E5DAA /* Sources */,
				6C9A9E0C271DCF85007E5DAA /* Frameworks */,
				6C9A9E0D271DCF85007E5DAA /* Resources */,
				702FF6817D986FEAB932ACD0 /* [CP] Embed Pods Frameworks */,
			);
			buildRules = (
			);
			dependencies = (
			);
			name = "8-Ball";
			productName = "8-Ball";
			productReference = 6C9A9E0F271DCF85007E5DAA /* 8-Ball.app */;
			productType = "com.apple.product-type.application";
		};
/* End PBXNativeTarget section */

/* Begin PBXProject section */
		6C9A9E07271DCF85007E5DAA /* Project object */ = {
			isa = PBXProject;
			attributes = {
				BuildIndependentTargetsInParallel = 1;
				LastSwiftUpdateCheck = 1300;
				LastUpgradeCheck = 1300;
				TargetAttributes = {
					6C9A9E0E271DCF85007E5DAA = {
						CreatedOnToolsVersion = 13.0;
					};
				};
			};
			buildConfigurationList = 6C9A9E0A271DCF85007E5DAA /* Build configuration list for PBXProject "8-Ball" */;
			compatibilityVersion = "Xcode 13.0";
			developmentRegion = en;
			hasScannedForEncodings = 0;
			knownRegions = (
				en,
				Base,
			);
			mainGroup = 6C9A9E06271DCF85007E5DAA;
			productRefGroup = 6C9A9E10271DCF85007E5DAA /* Products */;
			projectDirPath = "";
			projectRoot = "";
			targets = (
				6C9A9E0E271DCF85007E5DAA /* 8-Ball */,
			);
		};
/* End PBXProject section */

/* Begin PBXResourcesBuildPhase section */
		6C9A9E0D271DCF85007E5DAA /* Resources */ = {
			isa = PBXResourcesBuildPhase;
			buildActionMask = 2147483647;
			files = (
				6C9A9E1F271DCF86007E5DAA /* LaunchScreen.storyboard in Resources */,
				6C9A9E1C271DCF86007E5DAA /* Assets.xcassets in Resources */,
				6C9A9E1A271DCF85007E5DAA /* Main.storyboard in Resources */,
			);
			runOnlyForDeploymentPostprocessing = 0;
		};
/* End PBXResourcesBuildPhase section */

/* Begin PBXShellScriptBuildPhase section */
		702FF6817D986FEAB932ACD0 /* [CP] Embed Pods Frameworks */ = {
			isa = PBXShellScriptBuildPhase;
			buildActionMask = 2147483647;
			files = (
			);
			inputFileListPaths = (
				"${PODS_ROOT}/Target Support Files/Pods-8-Ball/Pods-8-Ball-frameworks-${CONFIGURATION}-input-files.xcfilelist",
			);
			name = "[CP] Embed Pods Frameworks";
			outputFileListPaths = (
				"${PODS_ROOT}/Target Support Files/Pods-8-Ball/Pods-8-Ball-frameworks-${CONFIGURATION}-output-files.xcfilelist",
			);
			runOnlyForDeploymentPostprocessing = 0;
			shellPath = /bin/sh;
			shellScript = "\"${PODS_ROOT}/Target Support Files/Pods-8-Ball/Pods-8-Ball-frameworks.sh\"\n";
			showEnvVarsInLog = 0;
		};
		798D5D0D2CF4727A88EA7A6F /* [CP] Check Pods Manifest.lock */ = {
			isa = PBXShellScriptBuildPhase;
			buildActionMask = 2147483647;
			files = (
			);
			inputFileListPaths = (
			);
			inputPaths = (
				"${PODS_PODFILE_DIR_PATH}/Podfile.lock",
				"${PODS_ROOT}/Manifest.lock",
			);
			name = "[CP] Check Pods Manifest.lock";
			outputFileListPaths = (
			);
			outputPaths = (
				"$(DERIVED_FILE_DIR)/Pods-8-Ball-checkManifestLockResult.txt",
			);
			runOnlyForDeploymentPostprocessing = 0;
			shellPath = /bin/sh;
			shellScript = "diff \"${PODS_PODFILE_DIR_PATH}/Podfile.lock\" \"${PODS_ROOT}/Manifest.lock\" > /dev/null\nif [ $? != 0 ] ; then\n    # print error to STDERR\n    echo \"error: The sandbox is not in sync with the Podfile.lock. Run 'pod install' or update your CocoaPods installation.\" >&2\n    exit 1\nfi\n# This output is used by Xcode 'outputs' to avoid re-running this script phase.\necho \"SUCCESS\" > \"${SCRIPT_OUTPUT_FILE_0}\"\n";
			showEnvVarsInLog = 0;
		};
/* End PBXShellScriptBuildPhase section */

/* Begin PBXSourcesBuildPhase section */
		6C9A9E0B271DCF85007E5DAA /* Sources */ = {
			isa = PBXSourcesBuildPhase;
			buildActionMask = 2147483647;
			files = (
				6C05E462273A8CCF0040BB0B /* Network.swift in Sources */,
				6C05E464273A8F260040BB0B /* AnswerManager.swift in Sources */,
				6C9A9E17271DCF85007E5DAA /* MainViewController.swift in Sources */,
				6C05E466273A8F8A0040BB0B /* DBService.swift in Sources */,
				6C0BD7E7271F26F900D2F586 /* SettingsVC.swift in Sources */,
				6C9A9E13271DCF85007E5DAA /* AppDelegate.swift in Sources */,
				6C9A9E15271DCF85007E5DAA /* SceneDelegate.swift in Sources */,
			);
			runOnlyForDeploymentPostprocessing = 0;
		};
/* End PBXSourcesBuildPhase section */

/* Begin PBXVariantGroup section */
		6C9A9E18271DCF85007E5DAA /* Main.storyboard */ = {
			isa = PBXVariantGroup;
			children = (
				6C9A9E19271DCF85007E5DAA /* Base */,
			);
			name = Main.storyboard;
			sourceTree = "<group>";
		};
		6C9A9E1D271DCF86007E5DAA /* LaunchScreen.storyboard */ = {
			isa = PBXVariantGroup;
			children = (
				6C9A9E1E271DCF86007E5DAA /* Base */,
			);
			name = LaunchScreen.storyboard;
			sourceTree = "<group>";
		};
/* End PBXVariantGroup section */

/* Begin XCBuildConfiguration section */
		6C9A9E21271DCF86007E5DAA /* Debug */ = {
			isa = XCBuildConfiguration;
			buildSettings = {
				ALWAYS_SEARCH_USER_PATHS = NO;
				CLANG_ANALYZER_NONNULL = YES;
				CLANG_ANALYZER_NUMBER_OBJECT_CONVERSION = YES_AGGRESSIVE;
				CLANG_CXX_LANGUAGE_STANDARD = "gnu++17";
				CLANG_CXX_LIBRARY = "libc++";
				CLANG_ENABLE_MODULES = YES;
				CLANG_ENABLE_OBJC_ARC = YES;
				CLANG_ENABLE_OBJC_WEAK = YES;
				CLANG_WARN_BLOCK_CAPTURE_AUTORELEASING = YES;
				CLANG_WARN_BOOL_CONVERSION = YES;
				CLANG_WARN_COMMA = YES;
				CLANG_WARN_CONSTANT_CONVERSION = YES;
				CLANG_WARN_DEPRECATED_OBJC_IMPLEMENTATIONS = YES;
				CLANG_WARN_DIRECT_OBJC_ISA_USAGE = YES_ERROR;
				CLANG_WARN_DOCUMENTATION_COMMENTS = YES;
				CLANG_WARN_EMPTY_BODY = YES;
				CLANG_WARN_ENUM_CONVERSION = YES;
				CLANG_WARN_INFINITE_RECURSION = YES;
				CLANG_WARN_INT_CONVERSION = YES;
				CLANG_WARN_NON_LITERAL_NULL_CONVERSION = YES;
				CLANG_WARN_OBJC_IMPLICIT_RETAIN_SELF = YES;
				CLANG_WARN_OBJC_LITERAL_CONVERSION = YES;
				CLANG_WARN_OBJC_ROOT_CLASS = YES_ERROR;
				CLANG_WARN_QUOTED_INCLUDE_IN_FRAMEWORK_HEADER = YES;
				CLANG_WARN_RANGE_LOOP_ANALYSIS = YES;
				CLANG_WARN_STRICT_PROTOTYPES = YES;
				CLANG_WARN_SUSPICIOUS_MOVE = YES;
				CLANG_WARN_UNGUARDED_AVAILABILITY = YES_AGGRESSIVE;
				CLANG_WARN_UNREACHABLE_CODE = YES;
				CLANG_WARN__DUPLICATE_METHOD_MATCH = YES;
				COPY_PHASE_STRIP = NO;
				DEBUG_INFORMATION_FORMAT = dwarf;
				ENABLE_STRICT_OBJC_MSGSEND = YES;
				ENABLE_TESTABILITY = YES;
				GCC_C_LANGUAGE_STANDARD = gnu11;
				GCC_DYNAMIC_NO_PIC = NO;
				GCC_NO_COMMON_BLOCKS = YES;
				GCC_OPTIMIZATION_LEVEL = 0;
				GCC_PREPROCESSOR_DEFINITIONS = (
					"DEBUG=1",
					"$(inherited)",
				);
				GCC_WARN_64_TO_32_BIT_CONVERSION = YES;
				GCC_WARN_ABOUT_RETURN_TYPE = YES_ERROR;
				GCC_WARN_UNDECLARED_SELECTOR = YES;
				GCC_WARN_UNINITIALIZED_AUTOS = YES_AGGRESSIVE;
				GCC_WARN_UNUSED_FUNCTION = YES;
				GCC_WARN_UNUSED_VARIABLE = YES;
				IPHONEOS_DEPLOYMENT_TARGET = 15.0;
				MTL_ENABLE_DEBUG_INFO = INCLUDE_SOURCE;
				MTL_FAST_MATH = YES;
				ONLY_ACTIVE_ARCH = YES;
				SDKROOT = iphoneos;
				SWIFT_ACTIVE_COMPILATION_CONDITIONS = DEBUG;
				SWIFT_OPTIMIZATION_LEVEL = "-Onone";
			};
			name = Debug;
		};
		6C9A9E22271DCF86007E5DAA /* Release */ = {
			isa = XCBuildConfiguration;
			buildSettings = {
				ALWAYS_SEARCH_USER_PATHS = NO;
				CLANG_ANALYZER_NONNULL = YES;
				CLANG_ANALYZER_NUMBER_OBJECT_CONVERSION = YES_AGGRESSIVE;
				CLANG_CXX_LANGUAGE_STANDARD = "gnu++17";
				CLANG_CXX_LIBRARY = "libc++";
				CLANG_ENABLE_MODULES = YES;
				CLANG_ENABLE_OBJC_ARC = YES;
				CLANG_ENABLE_OBJC_WEAK = YES;
				CLANG_WARN_BLOCK_CAPTURE_AUTORELEASING = YES;
				CLANG_WARN_BOOL_CONVERSION = YES;
				CLANG_WARN_COMMA = YES;
				CLANG_WARN_CONSTANT_CONVERSION = YES;
				CLANG_WARN_DEPRECATED_OBJC_IMPLEMENTATIONS = YES;
				CLANG_WARN_DIRECT_OBJC_ISA_USAGE = YES_ERROR;
				CLANG_WARN_DOCUMENTATION_COMMENTS = YES;
				CLANG_WARN_EMPTY_BODY = YES;
				CLANG_WARN_ENUM_CONVERSION = YES;
				CLANG_WARN_INFINITE_RECURSION = YES;
				CLANG_WARN_INT_CONVERSION = YES;
				CLANG_WARN_NON_LITERAL_NULL_CONVERSION = YES;
				CLANG_WARN_OBJC_IMPLICIT_RETAIN_SELF = YES;
				CLANG_WARN_OBJC_LITERAL_CONVERSION = YES;
				CLANG_WARN_OBJC_ROOT_CLASS = YES_ERROR;
				CLANG_WARN_QUOTED_INCLUDE_IN_FRAMEWORK_HEADER = YES;
				CLANG_WARN_RANGE_LOOP_ANALYSIS = YES;
				CLANG_WARN_STRICT_PROTOTYPES = YES;
				CLANG_WARN_SUSPICIOUS_MOVE = YES;
				CLANG_WARN_UNGUARDED_AVAILABILITY = YES_AGGRESSIVE;
				CLANG_WARN_UNREACHABLE_CODE = YES;
				CLANG_WARN__DUPLICATE_METHOD_MATCH = YES;
				COPY_PHASE_STRIP = NO;
				DEBUG_INFORMATION_FORMAT = "dwarf-with-dsym";
				ENABLE_NS_ASSERTIONS = NO;
				ENABLE_STRICT_OBJC_MSGSEND = YES;
				GCC_C_LANGUAGE_STANDARD = gnu11;
				GCC_NO_COMMON_BLOCKS = YES;
				GCC_WARN_64_TO_32_BIT_CONVERSION = YES;
				GCC_WARN_ABOUT_RETURN_TYPE = YES_ERROR;
				GCC_WARN_UNDECLARED_SELECTOR = YES;
				GCC_WARN_UNINITIALIZED_AUTOS = YES_AGGRESSIVE;
				GCC_WARN_UNUSED_FUNCTION = YES;
				GCC_WARN_UNUSED_VARIABLE = YES;
				IPHONEOS_DEPLOYMENT_TARGET = 15.0;
				MTL_ENABLE_DEBUG_INFO = NO;
				MTL_FAST_MATH = YES;
				SDKROOT = iphoneos;
				SWIFT_COMPILATION_MODE = wholemodule;
				SWIFT_OPTIMIZATION_LEVEL = "-O";
				VALIDATE_PRODUCT = YES;
			};
			name = Release;
		};
		6C9A9E24271DCF86007E5DAA /* Debug */ = {
			isa = XCBuildConfiguration;
			baseConfigurationReference = 89556B090E183641B244F4D2 /* Pods-8-Ball.debug.xcconfig */;
			buildSettings = {
				ASSETCATALOG_COMPILER_APPICON_NAME = AppIcon;
				ASSETCATALOG_COMPILER_GLOBAL_ACCENT_COLOR_NAME = AccentColor;
				CODE_SIGN_STYLE = Automatic;
				CURRENT_PROJECT_VERSION = 1;
				DEVELOPMENT_TEAM = KU369Q8372;
				GENERATE_INFOPLIST_FILE = YES;
				INFOPLIST_FILE = "8-Ball/Info.plist";
				INFOPLIST_KEY_UIApplicationSupportsIndirectInputEvents = YES;
				INFOPLIST_KEY_UILaunchStoryboardName = LaunchScreen;
				INFOPLIST_KEY_UISupportedInterfaceOrientations_iPad = "UIInterfaceOrientationPortrait UIInterfaceOrientationPortraitUpsideDown UIInterfaceOrientationLandscapeLeft UIInterfaceOrientationLandscapeRight";
				INFOPLIST_KEY_UISupportedInterfaceOrientations_iPhone = "UIInterfaceOrientationPortrait UIInterfaceOrientationLandscapeLeft UIInterfaceOrientationLandscapeRight";
				LD_RUNPATH_SEARCH_PATHS = (
					"$(inherited)",
					"@executable_path/Frameworks",
				);
				MARKETING_VERSION = 1.0;
				PRODUCT_BUNDLE_IDENTIFIER = "Nik.--Ball";
				PRODUCT_NAME = "$(TARGET_NAME)";
				SWIFT_EMIT_LOC_STRINGS = YES;
				SWIFT_VERSION = 5.0;
				TARGETED_DEVICE_FAMILY = "1,2";
			};
			name = Debug;
		};
		6C9A9E25271DCF86007E5DAA /* Release */ = {
			isa = XCBuildConfiguration;
			baseConfigurationReference = CA467A18D630894B4FBCAE3B /* Pods-8-Ball.release.xcconfig */;
			buildSettings = {
				ASSETCATALOG_COMPILER_APPICON_NAME = AppIcon;
				ASSETCATALOG_COMPILER_GLOBAL_ACCENT_COLOR_NAME = AccentColor;
				CODE_SIGN_STYLE = Automatic;
				CURRENT_PROJECT_VERSION = 1;
				DEVELOPMENT_TEAM = KU369Q8372;
				GENERATE_INFOPLIST_FILE = YES;
				INFOPLIST_FILE = "8-Ball/Info.plist";
				INFOPLIST_KEY_UIApplicationSupportsIndirectInputEvents = YES;
				INFOPLIST_KEY_UILaunchStoryboardName = LaunchScreen;
				INFOPLIST_KEY_UISupportedInterfaceOrientations_iPad = "UIInterfaceOrientationPortrait UIInterfaceOrientationPortraitUpsideDown UIInterfaceOrientationLandscapeLeft UIInterfaceOrientationLandscapeRight";
				INFOPLIST_KEY_UISupportedInterfaceOrientations_iPhone = "UIInterfaceOrientationPortrait UIInterfaceOrientationLandscapeLeft UIInterfaceOrientationLandscapeRight";
				LD_RUNPATH_SEARCH_PATHS = (
					"$(inherited)",
					"@executable_path/Frameworks",
				);
				MARKETING_VERSION = 1.0;
				PRODUCT_BUNDLE_IDENTIFIER = "Nik.--Ball";
				PRODUCT_NAME = "$(TARGET_NAME)";
				SWIFT_EMIT_LOC_STRINGS = YES;
				SWIFT_VERSION = 5.0;
				TARGETED_DEVICE_FAMILY = "1,2";
			};
			name = Release;
		};
/* End XCBuildConfiguration section */

/* Begin XCConfigurationList section */
		6C9A9E0A271DCF85007E5DAA /* Build configuration list for PBXProject "8-Ball" */ = {
			isa = XCConfigurationList;
			buildConfigurations = (
				6C9A9E21271DCF86007E5DAA /* Debug */,
				6C9A9E22271DCF86007E5DAA /* Release */,
			);
			defaultConfigurationIsVisible = 0;
			defaultConfigurationName = Release;
		};
		6C9A9E23271DCF86007E5DAA /* Build configuration list for PBXNativeTarget "8-Ball" */ = {
			isa = XCConfigurationList;
			buildConfigurations = (
				6C9A9E24271DCF86007E5DAA /* Debug */,
				6C9A9E25271DCF86007E5DAA /* Release */,
			);
			defaultConfigurationIsVisible = 0;
			defaultConfigurationName = Release;
		};
/* End XCConfigurationList section */
	};
	rootObject = 6C9A9E07271DCF85007E5DAA /* Project object */;
}
